
Microsoft Visual Studio Solution File, Format Version 12.00
# Visual Studio Version 16
VisualStudioVersion = 16.0.31515.178
MinimumVisualStudioVersion = 10.0.40219.1
Project("{FAE04EC0-301F-11D3-BF4B-00C04F79EFBC}") = "GameDemoReusableFramework", "GameDemoReusableFramework\GameDemoReusableFramework.csproj", "{10428F21-2242-40A7-8474-B722D209C8A7}"
EndProject
Project("{FAE04EC0-301F-11D3-BF4B-00C04F79EFBC}") = "GameAPITests", "GameAPITests\GameAPITests.csproj", "{A4341DB6-87BC-49DF-8BB5-390D1F9DA3EE}"
EndProject
Global
	GlobalSection(SolutionConfigurationPlatforms) = preSolution
		Debug|Any CPU = Debug|Any CPU
		Release|Any CPU = Release|Any CPU
	EndGlobalSection
	GlobalSection(ProjectConfigurationPlatforms) = postSolution
		{10428F21-2242-40A7-8474-B722D209C8A7}.Debug|Any CPU.ActiveCfg = Debug|Any CPU
		{10428F21-2242-40A7-8474-B722D209C8A7}.Debug|Any CPU.Build.0 = Debug|Any CPU
		{10428F21-2242-40A7-8474-B722D209C8A7}.Release|Any CPU.ActiveCfg = Release|Any CPU
		{10428F21-2242-40A7-8474-B722D209C8A7}.Release|Any CPU.Build.0 = Release|Any CPU
		{A4341DB6-87BC-49DF-8BB5-390D1F9DA3EE}.Debug|Any CPU.ActiveCfg = Debug|Any CPU
		{A4341DB6-87BC-49DF-8BB5-390D1F9DA3EE}.Debug|Any CPU.Build.0 = Debug|Any CPU
		{A4341DB6-87BC-49DF-8BB5-390D1F9DA3EE}.Release|Any CPU.ActiveCfg = Release|Any CPU
		{A4341DB6-87BC-49DF-8BB5-390D1F9DA3EE}.Release|Any CPU.Build.0 = Release|Any CPU
	EndGlobalSection
	GlobalSection(SolutionProperties) = preSolution
		HideSolutionNode = FALSE
	EndGlobalSection
	GlobalSection(ExtensibilityGlobals) = postSolution
		SolutionGuid = {C1832DB4-C204-4D0A-BD1A-D143EC34F996}
	EndGlobalSection
EndGlobal
